
Microsoft Visual Studio Solution File, Format Version 12.00
# Visual Studio Version 16
VisualStudioVersion = 16.0.30503.244
MinimumVisualStudioVersion = 10.0.40219.1
Project("{FAE04EC0-301F-11D3-BF4B-00C04F79EFBC}") = "SystemWspomaganiaDecyzji", "SystemWspomaganiaDecyzji\SystemWspomaganiaDecyzji.csproj", "{174AB26A-42EC-4514-8312-EC3F84B6D5EB}"
EndProject
Global
	GlobalSection(SolutionConfigurationPlatforms) = preSolution
		Debug|Any CPU = Debug|Any CPU
		Release|Any CPU = Release|Any CPU
	EndGlobalSection
	GlobalSection(ProjectConfigurationPlatforms) = postSolution
		{174AB26A-42EC-4514-8312-EC3F84B6D5EB}.Debug|Any CPU.ActiveCfg = Debug|Any CPU
		{174AB26A-42EC-4514-8312-EC3F84B6D5EB}.Debug|Any CPU.Build.0 = Debug|Any CPU
		{174AB26A-42EC-4514-8312-EC3F84B6D5EB}.Release|Any CPU.ActiveCfg = Release|Any CPU
		{174AB26A-42EC-4514-8312-EC3F84B6D5EB}.Release|Any CPU.Build.0 = Release|Any CPU
	EndGlobalSection
	GlobalSection(SolutionProperties) = preSolution
		HideSolutionNode = FALSE
	EndGlobalSection
	GlobalSection(ExtensibilityGlobals) = postSolution
		SolutionGuid = {2C88096A-5F8A-49AF-85A3-772B3F2FACA0}
	EndGlobalSection
EndGlobal
